// !$*UTF8*$!
{
	archiveVersion = 1;
	classes = {
	};
	objectVersion = 46;
	objects = {

/* Begin PBXBuildFile section */
		EE05CC1418C600A800491188 /* LSControllerCollectionBase.m in Sources */ = {isa = PBXBuildFile; fileRef = EE05CC1318C600A800491188 /* LSControllerCollectionBase.m */; };
		EE1A250B189A8D8000DBA78B /* LSShowInfoCollectionViewController.m in Sources */ = {isa = PBXBuildFile; fileRef = EE1A250A189A8D8000DBA78B /* LSShowInfoCollectionViewController.m */; };
		EE1AA59B1888E99F004B6E7D /* libProtobuf.Generated.a in Frameworks */ = {isa = PBXBuildFile; fileRef = EE1AA5951887AD60004B6E7D /* libProtobuf.Generated.a */; };
		EE1AA5A01888F28E004B6E7D /* LSConnection.mm in Sources */ = {isa = PBXBuildFile; fileRef = EE1AA59F1888F28E004B6E7D /* LSConnection.mm */; };
		EE1AA5A61888F2ED004B6E7D /* LSAsyncBackendFacade.mm in Sources */ = {isa = PBXBuildFile; fileRef = EE1AA5A51888F2ED004B6E7D /* LSAsyncBackendFacade.mm */; };
		EE61FA1A18B9C6F10044CB80 /* LSServiceArtworkGetter.m in Sources */ = {isa = PBXBuildFile; fileRef = EE61FA1918B9C6F10044CB80 /* LSServiceArtworkGetter.m */; };
		EE6D79B4188E3E29004A0D4B /* LSCachingServer.mm in Sources */ = {isa = PBXBuildFile; fileRef = EE6D79B3188E3E29004A0D4B /* LSCachingServer.mm */; };
		EE6D79B8188E65E9004A0D4B /* ZeroMQ.cpp in Sources */ = {isa = PBXBuildFile; fileRef = EE6D79B7188E65E9004A0D4B /* ZeroMQ.cpp */; };
		EE6D79BB188EBAB8004A0D4B /* LSLocalCache.mm in Sources */ = {isa = PBXBuildFile; fileRef = EE6D79BA188EBAB8004A0D4B /* LSLocalCache.mm */; };
		EE76567D18A4B36600C2BB80 /* libWorkflowLink.a in Frameworks */ = {isa = PBXBuildFile; fileRef = EE76567A18A4B10800C2BB80 /* libWorkflowLink.a */; };
		EE7656BC18A517C500C2BB80 /* libUIComponents.a in Frameworks */ = {isa = PBXBuildFile; fileRef = EE7656B618A5172700C2BB80 /* libUIComponents.a */; };
		EE8A964518EED5D500C24E06 /* LSCDID.m in Sources */ = {isa = PBXBuildFile; fileRef = EE8A964418EED5D500C24E06 /* LSCDID.m */; };
		EE8A964918EED7AE00C24E06 /* LSRegistryControllers.m in Sources */ = {isa = PBXBuildFile; fileRef = EE8A964818EED7AE00C24E06 /* LSRegistryControllers.m */; };
		EEB0166A18E18C1400B25965 /* LSControllerShowDetails.m in Sources */ = {isa = PBXBuildFile; fileRef = EEB0166918E18C1400B25965 /* LSControllerShowDetails.m */; };
		EEB11802187F17D500337023 /* Foundation.framework in Frameworks */ = {isa = PBXBuildFile; fileRef = EEB11801187F17D500337023 /* Foundation.framework */; };
		EEB11804187F17D500337023 /* CoreGraphics.framework in Frameworks */ = {isa = PBXBuildFile; fileRef = EEB11803187F17D500337023 /* CoreGraphics.framework */; };
		EEB11806187F17D500337023 /* UIKit.framework in Frameworks */ = {isa = PBXBuildFile; fileRef = EEB11805187F17D500337023 /* UIKit.framework */; };
		EEB1180C187F17D500337023 /* InfoPlist.strings in Resources */ = {isa = PBXBuildFile; fileRef = EEB1180A187F17D500337023 /* InfoPlist.strings */; };
		EEB1180E187F17D500337023 /* main.m in Sources */ = {isa = PBXBuildFile; fileRef = EEB1180D187F17D500337023 /* main.m */; };
		EEB11812187F17D500337023 /* LSAppDelegate.m in Sources */ = {isa = PBXBuildFile; fileRef = EEB11811187F17D500337023 /* LSAppDelegate.m */; };
		EEB11815187F17D500337023 /* Main.storyboard in Resources */ = {isa = PBXBuildFile; fileRef = EEB11813187F17D500337023 /* Main.storyboard */; };
		EEB1181A187F17D500337023 /* Images.xcassets in Resources */ = {isa = PBXBuildFile; fileRef = EEB11819187F17D500337023 /* Images.xcassets */; };
		EEB11821187F17D500337023 /* XCTest.framework in Frameworks */ = {isa = PBXBuildFile; fileRef = EEB11820187F17D500337023 /* XCTest.framework */; };
		EEB11822187F17D500337023 /* Foundation.framework in Frameworks */ = {isa = PBXBuildFile; fileRef = EEB11801187F17D500337023 /* Foundation.framework */; };
		EEB11823187F17D500337023 /* UIKit.framework in Frameworks */ = {isa = PBXBuildFile; fileRef = EEB11805187F17D500337023 /* UIKit.framework */; };
		EEB1182B187F17D500337023 /* InfoPlist.strings in Resources */ = {isa = PBXBuildFile; fileRef = EEB11829187F17D500337023 /* InfoPlist.strings */; };
		EEB1182D187F17D500337023 /* LostSeriesTests.m in Sources */ = {isa = PBXBuildFile; fileRef = EEB1182C187F17D500337023 /* LostSeriesTests.m */; };
		EEB11837187F183700337023 /* libzmq.a in Frameworks */ = {isa = PBXBuildFile; fileRef = EEB11836187F183700337023 /* libzmq.a */; };
		EEB11839187F1ABC00337023 /* libprotobuf.a in Frameworks */ = {isa = PBXBuildFile; fileRef = EEB11838187F1ABC00337023 /* libprotobuf.a */; };
		EED97FDE18B0CA0900CF68E3 /* LSMainController.m in Sources */ = {isa = PBXBuildFile; fileRef = EED97FDD18B0CA0900CF68E3 /* LSMainController.m */; };
		EED97FE718B0D4FA00CF68E3 /* LSShowsFollowingController.m in Sources */ = {isa = PBXBuildFile; fileRef = EED97FE618B0D4FA00CF68E3 /* LSShowsFollowingController.m */; };
		EED97FEA18B0DE3C00CF68E3 /* LSModelBase.m in Sources */ = {isa = PBXBuildFile; fileRef = EED97FE918B0DE3C00CF68E3 /* LSModelBase.m */; };
		EEF8749B18A95D2900F74CB6 /* LSApplication.m in Sources */ = {isa = PBXBuildFile; fileRef = EEF8749A18A95D2900F74CB6 /* LSApplication.m */; };
/* End PBXBuildFile section */

/* Begin PBXContainerItemProxy section */
		EE1AA5941887AD60004B6E7D /* PBXContainerItemProxy */ = {
			isa = PBXContainerItemProxy;
			containerPortal = EE1AA58F1887AD5F004B6E7D /* Protobuf.Generated.xcodeproj */;
			proxyType = 2;
			remoteGlobalIDString = EE1AA5661887AD5F004B6E7D;
			remoteInfo = Protobuf.Generated;
		};
		EE1AA5961887AD60004B6E7D /* PBXContainerItemProxy */ = {
			isa = PBXContainerItemProxy;
			containerPortal = EE1AA58F1887AD5F004B6E7D /* Protobuf.Generated.xcodeproj */;
			proxyType = 2;
			remoteGlobalIDString = EE1AA5761887AD5F004B6E7D;
			remoteInfo = Protobuf.GeneratedTests;
		};
		EE76567918A4B10800C2BB80 /* PBXContainerItemProxy */ = {
			isa = PBXContainerItemProxy;
			containerPortal = EE76567218A4B10700C2BB80 /* WorkflowLink.xcodeproj */;
			proxyType = 2;
			remoteGlobalIDString = EE76564918A4B10700C2BB80;
			remoteInfo = WorkflowLink;
		};
		EE76567B18A4B10800C2BB80 /* PBXContainerItemProxy */ = {
			isa = PBXContainerItemProxy;
			containerPortal = EE76567218A4B10700C2BB80 /* WorkflowLink.xcodeproj */;
			proxyType = 2;
			remoteGlobalIDString = EE76565918A4B10700C2BB80;
			remoteInfo = WorkflowLinkTests;
		};
		EE7656B518A5172700C2BB80 /* PBXContainerItemProxy */ = {
			isa = PBXContainerItemProxy;
			containerPortal = EE7656B018A5172600C2BB80 /* UIComponents.xcodeproj */;
			proxyType = 2;
			remoteGlobalIDString = EE76568718A5172600C2BB80;
			remoteInfo = UIComponents;
		};
		EE7656B718A5172700C2BB80 /* PBXContainerItemProxy */ = {
			isa = PBXContainerItemProxy;
			containerPortal = EE7656B018A5172600C2BB80 /* UIComponents.xcodeproj */;
			proxyType = 2;
			remoteGlobalIDString = EE76569718A5172600C2BB80;
			remoteInfo = UIComponentsTests;
		};
		EEB11824187F17D500337023 /* PBXContainerItemProxy */ = {
			isa = PBXContainerItemProxy;
			containerPortal = EEB117F6187F17D500337023 /* Project object */;
			proxyType = 1;
			remoteGlobalIDString = EEB117FD187F17D500337023;
			remoteInfo = LostSeries;
		};
/* End PBXContainerItemProxy section */

/* Begin PBXFileReference section */
		EE05CC1218C600A700491188 /* LSControllerCollectionBase.h */ = {isa = PBXFileReference; fileEncoding = 4; lastKnownFileType = sourcecode.c.h; name = LSControllerCollectionBase.h; path = LostSeries/LSControllerCollectionBase.h; sourceTree = "<group>"; };
		EE05CC1318C600A800491188 /* LSControllerCollectionBase.m */ = {isa = PBXFileReference; fileEncoding = 4; lastKnownFileType = sourcecode.c.objc; name = LSControllerCollectionBase.m; path = LostSeries/LSControllerCollectionBase.m; sourceTree = "<group>"; };
		EE1A2509189A8D8000DBA78B /* LSShowInfoCollectionViewController.h */ = {isa = PBXFileReference; fileEncoding = 4; lastKnownFileType = sourcecode.c.h; name = LSShowInfoCollectionViewController.h; path = LostSeries/LSShowInfoCollectionViewController.h; sourceTree = "<group>"; };
		EE1A250A189A8D8000DBA78B /* LSShowInfoCollectionViewController.m */ = {isa = PBXFileReference; explicitFileType = sourcecode.c.objc; fileEncoding = 4; name = LSShowInfoCollectionViewController.m; path = LostSeries/LSShowInfoCollectionViewController.m; sourceTree = "<group>"; };
		EE1AA58F1887AD5F004B6E7D /* Protobuf.Generated.xcodeproj */ = {isa = PBXFileReference; lastKnownFileType = "wrapper.pb-project"; name = Protobuf.Generated.xcodeproj; path = Protobuf.Generated/Protobuf.Generated.xcodeproj; sourceTree = "<group>"; };
		EE1AA59E1888F28E004B6E7D /* LSConnection.h */ = {isa = PBXFileReference; fileEncoding = 4; lastKnownFileType = sourcecode.c.h; name = LSConnection.h; path = Remote/LSConnection.h; sourceTree = "<group>"; };
		EE1AA59F1888F28E004B6E7D /* LSConnection.mm */ = {isa = PBXFileReference; fileEncoding = 4; lastKnownFileType = sourcecode.cpp.objcpp; name = LSConnection.mm; path = Remote/LSConnection.mm; sourceTree = "<group>"; };
		EE1AA5A41888F2ED004B6E7D /* LSAsyncBackendFacade.h */ = {isa = PBXFileReference; fileEncoding = 4; lastKnownFileType = sourcecode.c.h; name = LSAsyncBackendFacade.h; path = Remote/LSAsyncBackendFacade.h; sourceTree = "<group>"; };
		EE1AA5A51888F2ED004B6E7D /* LSAsyncBackendFacade.mm */ = {isa = PBXFileReference; fileEncoding = 4; lastKnownFileType = sourcecode.cpp.objcpp; name = LSAsyncBackendFacade.mm; path = Remote/LSAsyncBackendFacade.mm; sourceTree = "<group>"; };
		EE61FA1818B9C6F10044CB80 /* LSServiceArtworkGetter.h */ = {isa = PBXFileReference; fileEncoding = 4; lastKnownFileType = sourcecode.c.h; name = LSServiceArtworkGetter.h; path = Remote/LSServiceArtworkGetter.h; sourceTree = "<group>"; };
		EE61FA1918B9C6F10044CB80 /* LSServiceArtworkGetter.m */ = {isa = PBXFileReference; fileEncoding = 4; lastKnownFileType = sourcecode.c.objc; name = LSServiceArtworkGetter.m; path = Remote/LSServiceArtworkGetter.m; sourceTree = "<group>"; };
		EE6D79B2188E3E29004A0D4B /* LSCachingServer.h */ = {isa = PBXFileReference; fileEncoding = 4; lastKnownFileType = sourcecode.c.h; name = LSCachingServer.h; path = CachingServer/LSCachingServer.h; sourceTree = "<group>"; };
		EE6D79B3188E3E29004A0D4B /* LSCachingServer.mm */ = {isa = PBXFileReference; fileEncoding = 4; lastKnownFileType = sourcecode.cpp.objcpp; name = LSCachingServer.mm; path = CachingServer/LSCachingServer.mm; sourceTree = "<group>"; };
		EE6D79B6188E4830004A0D4B /* ZeroMQ.h */ = {isa = PBXFileReference; lastKnownFileType = sourcecode.c.h; name = ZeroMQ.h; path = ZeroMQ/ZeroMQ.h; sourceTree = "<group>"; };
		EE6D79B7188E65E9004A0D4B /* ZeroMQ.cpp */ = {isa = PBXFileReference; fileEncoding = 4; lastKnownFileType = sourcecode.cpp.cpp; name = ZeroMQ.cpp; path = ZeroMQ/ZeroMQ.cpp; sourceTree = "<group>"; };
		EE6D79B9188EBAB8004A0D4B /* LSLocalCache.h */ = {isa = PBXFileReference; fileEncoding = 4; lastKnownFileType = sourcecode.c.h; name = LSLocalCache.h; path = CachingServer/LSLocalCache.h; sourceTree = "<group>"; };
		EE6D79BA188EBAB8004A0D4B /* LSLocalCache.mm */ = {isa = PBXFileReference; fileEncoding = 4; lastKnownFileType = sourcecode.cpp.objcpp; name = LSLocalCache.mm; path = CachingServer/LSLocalCache.mm; sourceTree = "<group>"; };
		EE76567218A4B10700C2BB80 /* WorkflowLink.xcodeproj */ = {isa = PBXFileReference; lastKnownFileType = "wrapper.pb-project"; name = WorkflowLink.xcodeproj; path = WorkflowLink/WorkflowLink.xcodeproj; sourceTree = "<group>"; };
		EE7656B018A5172600C2BB80 /* UIComponents.xcodeproj */ = {isa = PBXFileReference; lastKnownFileType = "wrapper.pb-project"; name = UIComponents.xcodeproj; path = UIComponents/UIComponents.xcodeproj; sourceTree = "<group>"; };
		EE8A964218ED491A00C24E06 /* LostSeries.entitlements */ = {isa = PBXFileReference; lastKnownFileType = text.xml; path = LostSeries.entitlements; sourceTree = "<group>"; };
		EE8A964318EED5D500C24E06 /* LSCDID.h */ = {isa = PBXFileReference; fileEncoding = 4; lastKnownFileType = sourcecode.c.h; name = LSCDID.h; path = Logic/LSCDID.h; sourceTree = "<group>"; };
		EE8A964418EED5D500C24E06 /* LSCDID.m */ = {isa = PBXFileReference; fileEncoding = 4; lastKnownFileType = sourcecode.c.objc; name = LSCDID.m; path = Logic/LSCDID.m; sourceTree = "<group>"; };
		EE8A964718EED7AE00C24E06 /* LSRegistryControllers.h */ = {isa = PBXFileReference; fileEncoding = 4; lastKnownFileType = sourcecode.c.h; name = LSRegistryControllers.h; path = Logic/LSRegistryControllers.h; sourceTree = "<group>"; };
		EE8A964818EED7AE00C24E06 /* LSRegistryControllers.m */ = {isa = PBXFileReference; fileEncoding = 4; lastKnownFileType = sourcecode.c.objc; name = LSRegistryControllers.m; path = Logic/LSRegistryControllers.m; sourceTree = "<group>"; };
		EEB0166818E18C1400B25965 /* LSControllerShowDetails.h */ = {isa = PBXFileReference; fileEncoding = 4; lastKnownFileType = sourcecode.c.h; name = LSControllerShowDetails.h; path = LostSeries/LSControllerShowDetails.h; sourceTree = "<group>"; };
		EEB0166918E18C1400B25965 /* LSControllerShowDetails.m */ = {isa = PBXFileReference; fileEncoding = 4; lastKnownFileType = sourcecode.c.objc; name = LSControllerShowDetails.m; path = LostSeries/LSControllerShowDetails.m; sourceTree = "<group>"; };
		EEB117FE187F17D500337023 /* LostSeries.app */ = {isa = PBXFileReference; explicitFileType = wrapper.application; includeInIndex = 0; path = LostSeries.app; sourceTree = BUILT_PRODUCTS_DIR; };
		EEB11801187F17D500337023 /* Foundation.framework */ = {isa = PBXFileReference; lastKnownFileType = wrapper.framework; name = Foundation.framework; path = System/Library/Frameworks/Foundation.framework; sourceTree = SDKROOT; };
		EEB11803187F17D500337023 /* CoreGraphics.framework */ = {isa = PBXFileReference; lastKnownFileType = wrapper.framework; name = CoreGraphics.framework; path = System/Library/Frameworks/CoreGraphics.framework; sourceTree = SDKROOT; };
		EEB11805187F17D500337023 /* UIKit.framework */ = {isa = PBXFileReference; lastKnownFileType = wrapper.framework; name = UIKit.framework; path = System/Library/Frameworks/UIKit.framework; sourceTree = SDKROOT; };
		EEB11809187F17D500337023 /* LostSeries-Info.plist */ = {isa = PBXFileReference; lastKnownFileType = text.plist.xml; path = "LostSeries-Info.plist"; sourceTree = "<group>"; };
		EEB1180B187F17D500337023 /* en */ = {isa = PBXFileReference; lastKnownFileType = text.plist.strings; name = en; path = en.lproj/InfoPlist.strings; sourceTree = "<group>"; };
		EEB1180D187F17D500337023 /* main.m */ = {isa = PBXFileReference; lastKnownFileType = sourcecode.c.objc; path = main.m; sourceTree = "<group>"; };
		EEB1180F187F17D500337023 /* LostSeries-Prefix.pch */ = {isa = PBXFileReference; lastKnownFileType = sourcecode.c.h; path = "LostSeries-Prefix.pch"; sourceTree = "<group>"; };
		EEB11810187F17D500337023 /* LSAppDelegate.h */ = {isa = PBXFileReference; lastKnownFileType = sourcecode.c.h; name = LSAppDelegate.h; path = LostSeries/LSAppDelegate.h; sourceTree = "<group>"; };
		EEB11811187F17D500337023 /* LSAppDelegate.m */ = {isa = PBXFileReference; lastKnownFileType = sourcecode.c.objc; name = LSAppDelegate.m; path = LostSeries/LSAppDelegate.m; sourceTree = "<group>"; };
		EEB11814187F17D500337023 /* Base */ = {isa = PBXFileReference; lastKnownFileType = file.storyboard; name = Base; path = Base.lproj/Main.storyboard; sourceTree = "<group>"; };
		EEB11819187F17D500337023 /* Images.xcassets */ = {isa = PBXFileReference; lastKnownFileType = folder.assetcatalog; path = Images.xcassets; sourceTree = "<group>"; };
		EEB1181F187F17D500337023 /* LostSeriesTests.xctest */ = {isa = PBXFileReference; explicitFileType = wrapper.cfbundle; includeInIndex = 0; path = LostSeriesTests.xctest; sourceTree = BUILT_PRODUCTS_DIR; };
		EEB11820187F17D500337023 /* XCTest.framework */ = {isa = PBXFileReference; lastKnownFileType = wrapper.framework; name = XCTest.framework; path = Library/Frameworks/XCTest.framework; sourceTree = DEVELOPER_DIR; };
		EEB11828187F17D500337023 /* LostSeriesTests-Info.plist */ = {isa = PBXFileReference; lastKnownFileType = text.plist.xml; path = "LostSeriesTests-Info.plist"; sourceTree = "<group>"; };
		EEB1182A187F17D500337023 /* en */ = {isa = PBXFileReference; lastKnownFileType = text.plist.strings; name = en; path = en.lproj/InfoPlist.strings; sourceTree = "<group>"; };
		EEB1182C187F17D500337023 /* LostSeriesTests.m */ = {isa = PBXFileReference; lastKnownFileType = sourcecode.c.objc; path = LostSeriesTests.m; sourceTree = "<group>"; };
		EEB11836187F183700337023 /* libzmq.a */ = {isa = PBXFileReference; lastKnownFileType = archive.ar; name = libzmq.a; path = "../../Frameworks/zeromq-4.0.3/build/lib/libzmq.a"; sourceTree = "<group>"; };
		EEB11838187F1ABC00337023 /* libprotobuf.a */ = {isa = PBXFileReference; lastKnownFileType = archive.ar; name = libprotobuf.a; path = "../../Frameworks/protobuf-2.5.0/protobuf/lib/libprotobuf.a"; sourceTree = "<group>"; };
		EED97FDC18B0CA0900CF68E3 /* LSMainController.h */ = {isa = PBXFileReference; fileEncoding = 4; lastKnownFileType = sourcecode.c.h; name = LSMainController.h; path = LostSeries/LSMainController.h; sourceTree = "<group>"; };
		EED97FDD18B0CA0900CF68E3 /* LSMainController.m */ = {isa = PBXFileReference; fileEncoding = 4; lastKnownFileType = sourcecode.c.objc; name = LSMainController.m; path = LostSeries/LSMainController.m; sourceTree = "<group>"; };
		EED97FE518B0D4FA00CF68E3 /* LSShowsFollowingController.h */ = {isa = PBXFileReference; fileEncoding = 4; lastKnownFileType = sourcecode.c.h; name = LSShowsFollowingController.h; path = LostSeries/LSShowsFollowingController.h; sourceTree = "<group>"; };
		EED97FE618B0D4FA00CF68E3 /* LSShowsFollowingController.m */ = {isa = PBXFileReference; fileEncoding = 4; lastKnownFileType = sourcecode.c.objc; name = LSShowsFollowingController.m; path = LostSeries/LSShowsFollowingController.m; sourceTree = "<group>"; };
		EED97FE818B0DE3C00CF68E3 /* LSModelBase.h */ = {isa = PBXFileReference; fileEncoding = 4; lastKnownFileType = sourcecode.c.h; name = LSModelBase.h; path = LostSeries/LSModelBase.h; sourceTree = "<group>"; };
		EED97FE918B0DE3C00CF68E3 /* LSModelBase.m */ = {isa = PBXFileReference; fileEncoding = 4; lastKnownFileType = sourcecode.c.objc; name = LSModelBase.m; path = LostSeries/LSModelBase.m; sourceTree = "<group>"; };
		EEF8749918A95D2900F74CB6 /* LSApplication.h */ = {isa = PBXFileReference; fileEncoding = 4; lastKnownFileType = sourcecode.c.h; name = LSApplication.h; path = Logic/LSApplication.h; sourceTree = "<group>"; };
		EEF8749A18A95D2900F74CB6 /* LSApplication.m */ = {isa = PBXFileReference; fileEncoding = 4; lastKnownFileType = sourcecode.c.objc; name = LSApplication.m; path = Logic/LSApplication.m; sourceTree = "<group>"; };
/* End PBXFileReference section */

/* Begin PBXFrameworksBuildPhase section */
		EEB117FB187F17D500337023 /* Frameworks */ = {
			isa = PBXFrameworksBuildPhase;
			buildActionMask = 2147483647;
			files = (
				EE7656BC18A517C500C2BB80 /* libUIComponents.a in Frameworks */,
				EE76567D18A4B36600C2BB80 /* libWorkflowLink.a in Frameworks */,
				EE1AA59B1888E99F004B6E7D /* libProtobuf.Generated.a in Frameworks */,
				EEB11839187F1ABC00337023 /* libprotobuf.a in Frameworks */,
				EEB11837187F183700337023 /* libzmq.a in Frameworks */,
				EEB11804187F17D500337023 /* CoreGraphics.framework in Frameworks */,
				EEB11806187F17D500337023 /* UIKit.framework in Frameworks */,
				EEB11802187F17D500337023 /* Foundation.framework in Frameworks */,
			);
			runOnlyForDeploymentPostprocessing = 0;
		};
		EEB1181C187F17D500337023 /* Frameworks */ = {
			isa = PBXFrameworksBuildPhase;
			buildActionMask = 2147483647;
			files = (
				EEB11821187F17D500337023 /* XCTest.framework in Frameworks */,
				EEB11823187F17D500337023 /* UIKit.framework in Frameworks */,
				EEB11822187F17D500337023 /* Foundation.framework in Frameworks */,
			);
			runOnlyForDeploymentPostprocessing = 0;
		};
/* End PBXFrameworksBuildPhase section */

/* Begin PBXGroup section */
		EE1AA5901887AD5F004B6E7D /* Products */ = {
			isa = PBXGroup;
			children = (
				EE1AA5951887AD60004B6E7D /* libProtobuf.Generated.a */,
				EE1AA5971887AD60004B6E7D /* Protobuf.GeneratedTests.xctest */,
			);
			name = Products;
			sourceTree = "<group>";
		};
		EE1AA59D1888F223004B6E7D /* Remote */ = {
			isa = PBXGroup;
			children = (
				EE1AA59E1888F28E004B6E7D /* LSConnection.h */,
				EE1AA59F1888F28E004B6E7D /* LSConnection.mm */,
				EE1AA5A41888F2ED004B6E7D /* LSAsyncBackendFacade.h */,
				EE1AA5A51888F2ED004B6E7D /* LSAsyncBackendFacade.mm */,
				EE61FA1818B9C6F10044CB80 /* LSServiceArtworkGetter.h */,
				EE61FA1918B9C6F10044CB80 /* LSServiceArtworkGetter.m */,
			);
			name = Remote;
			sourceTree = "<group>";
		};
		EE6D79AF188E3DB7004A0D4B /* CachingServer */ = {
			isa = PBXGroup;
			children = (
				EE6D79B2188E3E29004A0D4B /* LSCachingServer.h */,
				EE6D79B3188E3E29004A0D4B /* LSCachingServer.mm */,
				EE6D79B9188EBAB8004A0D4B /* LSLocalCache.h */,
				EE6D79BA188EBAB8004A0D4B /* LSLocalCache.mm */,
			);
			name = CachingServer;
			sourceTree = "<group>";
		};
		EE6D79B5188E47DD004A0D4B /* ZeroMQ */ = {
			isa = PBXGroup;
			children = (
				EE6D79B6188E4830004A0D4B /* ZeroMQ.h */,
				EE6D79B7188E65E9004A0D4B /* ZeroMQ.cpp */,
			);
			name = ZeroMQ;
			sourceTree = "<group>";
		};
		EE76567318A4B10700C2BB80 /* Products */ = {
			isa = PBXGroup;
			children = (
				EE76567A18A4B10800C2BB80 /* libWorkflowLink.a */,
				EE76567C18A4B10800C2BB80 /* WorkflowLinkTests.xctest */,
			);
			name = Products;
			sourceTree = "<group>";
		};
		EE7656B118A5172600C2BB80 /* Products */ = {
			isa = PBXGroup;
			children = (
				EE7656B618A5172700C2BB80 /* libUIComponents.a */,
				EE7656B818A5172700C2BB80 /* UIComponentsTests.xctest */,
			);
			name = Products;
			sourceTree = "<group>";
		};
		EE8A964618EED61800C24E06 /* Logic */ = {
			isa = PBXGroup;
			children = (
				EE8A964318EED5D500C24E06 /* LSCDID.h */,
				EE8A964418EED5D500C24E06 /* LSCDID.m */,
				EEF8749918A95D2900F74CB6 /* LSApplication.h */,
				EEF8749A18A95D2900F74CB6 /* LSApplication.m */,
				EE8A964718EED7AE00C24E06 /* LSRegistryControllers.h */,
				EE8A964818EED7AE00C24E06 /* LSRegistryControllers.m */,
			);
			name = Logic;
			sourceTree = "<group>";
		};
		EEB117F5187F17D500337023 = {
			isa = PBXGroup;
			children = (
				EE7656B018A5172600C2BB80 /* UIComponents.xcodeproj */,
				EE76567218A4B10700C2BB80 /* WorkflowLink.xcodeproj */,
				EE1AA58F1887AD5F004B6E7D /* Protobuf.Generated.xcodeproj */,
				EEB11807187F17D500337023 /* LostSeries */,
				EEB0166818E18C1400B25965 /* LSControllerShowDetails.h */,
				EEB0166918E18C1400B25965 /* LSControllerShowDetails.m */,
				EE1A2509189A8D8000DBA78B /* LSShowInfoCollectionViewController.h */,
				EE1A250A189A8D8000DBA78B /* LSShowInfoCollectionViewController.m */,
				EED97FE518B0D4FA00CF68E3 /* LSShowsFollowingController.h */,
				EED97FE618B0D4FA00CF68E3 /* LSShowsFollowingController.m */,
				EE05CC1218C600A700491188 /* LSControllerCollectionBase.h */,
				EE05CC1318C600A800491188 /* LSControllerCollectionBase.m */,
				EED97FDC18B0CA0900CF68E3 /* LSMainController.h */,
				EED97FDD18B0CA0900CF68E3 /* LSMainController.m */,
				EED97FE818B0DE3C00CF68E3 /* LSModelBase.h */,
				EED97FE918B0DE3C00CF68E3 /* LSModelBase.m */,
				EEB11810187F17D500337023 /* LSAppDelegate.h */,
				EEB11803187F17D500337023 /* CoreGraphics.framework */,
				EEB11811187F17D500337023 /* LSAppDelegate.m */,
				EEB11826187F17D500337023 /* LostSeriesTests */,
				EEB11800187F17D500337023 /* Frameworks */,
				EEB117FF187F17D500337023 /* Products */,
			);
			sourceTree = "<group>";
		};
		EEB117FF187F17D500337023 /* Products */ = {
			isa = PBXGroup;
			children = (
				EEB117FE187F17D500337023 /* LostSeries.app */,
				EEB1181F187F17D500337023 /* LostSeriesTests.xctest */,
			);
			name = Products;
			sourceTree = "<group>";
		};
		EEB11800187F17D500337023 /* Frameworks */ = {
			isa = PBXGroup;
			children = (
				EEB11838187F1ABC00337023 /* libprotobuf.a */,
				EEB11836187F183700337023 /* libzmq.a */,
				EEB11801187F17D500337023 /* Foundation.framework */,
				EEB11805187F17D500337023 /* UIKit.framework */,
				EEB11820187F17D500337023 /* XCTest.framework */,
			);
			name = Frameworks;
			sourceTree = "<group>";
		};
		EEB11807187F17D500337023 /* LostSeries */ = {
			isa = PBXGroup;
			children = (
				EE8A964618EED61800C24E06 /* Logic */,
				EE6D79B5188E47DD004A0D4B /* ZeroMQ */,
				EE6D79AF188E3DB7004A0D4B /* CachingServer */,
				EE1AA59D1888F223004B6E7D /* Remote */,
				EEB11808187F17D500337023 /* Supporting Files */,
			);
			path = LostSeries;
			sourceTree = "<group>";
		};
		EEB11808187F17D500337023 /* Supporting Files */ = {
			isa = PBXGroup;
			children = (
				EE8A964218ED491A00C24E06 /* LostSeries.entitlements */,
				EEB11813187F17D500337023 /* Main.storyboard */,
				EEB11819187F17D500337023 /* Images.xcassets */,
				EEB11809187F17D500337023 /* LostSeries-Info.plist */,
				EEB1180A187F17D500337023 /* InfoPlist.strings */,
				EEB1180D187F17D500337023 /* main.m */,
				EEB1180F187F17D500337023 /* LostSeries-Prefix.pch */,
			);
			name = "Supporting Files";
			sourceTree = "<group>";
		};
		EEB11826187F17D500337023 /* LostSeriesTests */ = {
			isa = PBXGroup;
			children = (
				EEB1182C187F17D500337023 /* LostSeriesTests.m */,
				EEB11827187F17D500337023 /* Supporting Files */,
			);
			path = LostSeriesTests;
			sourceTree = "<group>";
		};
		EEB11827187F17D500337023 /* Supporting Files */ = {
			isa = PBXGroup;
			children = (
				EEB11828187F17D500337023 /* LostSeriesTests-Info.plist */,
				EEB11829187F17D500337023 /* InfoPlist.strings */,
			);
			name = "Supporting Files";
			sourceTree = "<group>";
		};
/* End PBXGroup section */

/* Begin PBXNativeTarget section */
		EEB117FD187F17D500337023 /* LostSeries */ = {
			isa = PBXNativeTarget;
			buildConfigurationList = EEB11830187F17D500337023 /* Build configuration list for PBXNativeTarget "LostSeries" */;
			buildPhases = (
				EEB117FA187F17D500337023 /* Sources */,
				EEB117FB187F17D500337023 /* Frameworks */,
				EEB117FC187F17D500337023 /* Resources */,
			);
			buildRules = (
			);
			dependencies = (
			);
			name = LostSeries;
			productName = LostSeries;
			productReference = EEB117FE187F17D500337023 /* LostSeries.app */;
			productType = "com.apple.product-type.application";
		};
		EEB1181E187F17D500337023 /* LostSeriesTests */ = {
			isa = PBXNativeTarget;
			buildConfigurationList = EEB11833187F17D500337023 /* Build configuration list for PBXNativeTarget "LostSeriesTests" */;
			buildPhases = (
				EEB1181B187F17D500337023 /* Sources */,
				EEB1181C187F17D500337023 /* Frameworks */,
				EEB1181D187F17D500337023 /* Resources */,
			);
			buildRules = (
			);
			dependencies = (
				EEB11825187F17D500337023 /* PBXTargetDependency */,
			);
			name = LostSeriesTests;
			productName = LostSeriesTests;
			productReference = EEB1181F187F17D500337023 /* LostSeriesTests.xctest */;
			productType = "com.apple.product-type.bundle.unit-test";
		};
/* End PBXNativeTarget section */

/* Begin PBXProject section */
		EEB117F6187F17D500337023 /* Project object */ = {
			isa = PBXProject;
			attributes = {
				CLASSPREFIX = LS;
				LastUpgradeCheck = 0510;
				ORGANIZATIONNAME = "Grigory Zubankov";
				TargetAttributes = {
					EEB117FD187F17D500337023 = {
						DevelopmentTeam = V9234UZ7BY;
						SystemCapabilities = {
							com.apple.iCloud = {
								enabled = 1;
							};
						};
					};
					EEB1181E187F17D500337023 = {
						TestTargetID = EEB117FD187F17D500337023;
					};
				};
			};
			buildConfigurationList = EEB117F9187F17D500337023 /* Build configuration list for PBXProject "LostSeries" */;
			compatibilityVersion = "Xcode 3.2";
			developmentRegion = English;
			hasScannedForEncodings = 0;
			knownRegions = (
				en,
				Base,
			);
			mainGroup = EEB117F5187F17D500337023;
			productRefGroup = EEB117FF187F17D500337023 /* Products */;
			projectDirPath = "";
			projectReferences = (
				{
					ProductGroup = EE1AA5901887AD5F004B6E7D /* Products */;
					ProjectRef = EE1AA58F1887AD5F004B6E7D /* Protobuf.Generated.xcodeproj */;
				},
				{
					ProductGroup = EE7656B118A5172600C2BB80 /* Products */;
					ProjectRef = EE7656B018A5172600C2BB80 /* UIComponents.xcodeproj */;
				},
				{
					ProductGroup = EE76567318A4B10700C2BB80 /* Products */;
					ProjectRef = EE76567218A4B10700C2BB80 /* WorkflowLink.xcodeproj */;
				},
			);
			projectRoot = "";
			targets = (
				EEB117FD187F17D500337023 /* LostSeries */,
				EEB1181E187F17D500337023 /* LostSeriesTests */,
			);
		};
/* End PBXProject section */

/* Begin PBXReferenceProxy section */
		EE1AA5951887AD60004B6E7D /* libProtobuf.Generated.a */ = {
			isa = PBXReferenceProxy;
			fileType = archive.ar;
			path = libProtobuf.Generated.a;
			remoteRef = EE1AA5941887AD60004B6E7D /* PBXContainerItemProxy */;
			sourceTree = BUILT_PRODUCTS_DIR;
		};
		EE1AA5971887AD60004B6E7D /* Protobuf.GeneratedTests.xctest */ = {
			isa = PBXReferenceProxy;
			fileType = wrapper.cfbundle;
			path = Protobuf.GeneratedTests.xctest;
			remoteRef = EE1AA5961887AD60004B6E7D /* PBXContainerItemProxy */;
			sourceTree = BUILT_PRODUCTS_DIR;
		};
		EE76567A18A4B10800C2BB80 /* libWorkflowLink.a */ = {
			isa = PBXReferenceProxy;
			fileType = archive.ar;
			path = libWorkflowLink.a;
			remoteRef = EE76567918A4B10800C2BB80 /* PBXContainerItemProxy */;
			sourceTree = BUILT_PRODUCTS_DIR;
		};
		EE76567C18A4B10800C2BB80 /* WorkflowLinkTests.xctest */ = {
			isa = PBXReferenceProxy;
			fileType = wrapper.cfbundle;
			path = WorkflowLinkTests.xctest;
			remoteRef = EE76567B18A4B10800C2BB80 /* PBXContainerItemProxy */;
			sourceTree = BUILT_PRODUCTS_DIR;
		};
		EE7656B618A5172700C2BB80 /* libUIComponents.a */ = {
			isa = PBXReferenceProxy;
			fileType = archive.ar;
			path = libUIComponents.a;
			remoteRef = EE7656B518A5172700C2BB80 /* PBXContainerItemProxy */;
			sourceTree = BUILT_PRODUCTS_DIR;
		};
		EE7656B818A5172700C2BB80 /* UIComponentsTests.xctest */ = {
			isa = PBXReferenceProxy;
			fileType = wrapper.cfbundle;
			path = UIComponentsTests.xctest;
			remoteRef = EE7656B718A5172700C2BB80 /* PBXContainerItemProxy */;
			sourceTree = BUILT_PRODUCTS_DIR;
		};
/* End PBXReferenceProxy section */

/* Begin PBXResourcesBuildPhase section */
		EEB117FC187F17D500337023 /* Resources */ = {
			isa = PBXResourcesBuildPhase;
			buildActionMask = 2147483647;
			files = (
				EEB1181A187F17D500337023 /* Images.xcassets in Resources */,
				EEB1180C187F17D500337023 /* InfoPlist.strings in Resources */,
				EEB11815187F17D500337023 /* Main.storyboard in Resources */,
			);
			runOnlyForDeploymentPostprocessing = 0;
		};
		EEB1181D187F17D500337023 /* Resources */ = {
			isa = PBXResourcesBuildPhase;
			buildActionMask = 2147483647;
			files = (
				EEB1182B187F17D500337023 /* InfoPlist.strings in Resources */,
			);
			runOnlyForDeploymentPostprocessing = 0;
		};
/* End PBXResourcesBuildPhase section */

/* Begin PBXSourcesBuildPhase section */
		EEB117FA187F17D500337023 /* Sources */ = {
			isa = PBXSourcesBuildPhase;
			buildActionMask = 2147483647;
			files = (
				EE61FA1A18B9C6F10044CB80 /* LSServiceArtworkGetter.m in Sources */,
				EE1A250B189A8D8000DBA78B /* LSShowInfoCollectionViewController.m in Sources */,
				EE6D79B8188E65E9004A0D4B /* ZeroMQ.cpp in Sources */,
				EE6D79B4188E3E29004A0D4B /* LSCachingServer.mm in Sources */,
				EEB0166A18E18C1400B25965 /* LSControllerShowDetails.m in Sources */,
				EE1AA5A01888F28E004B6E7D /* LSConnection.mm in Sources */,
				EE8A964518EED5D500C24E06 /* LSCDID.m in Sources */,
				EE05CC1418C600A800491188 /* LSControllerCollectionBase.m in Sources */,
				EEB1180E187F17D500337023 /* main.m in Sources */,
				EEF8749B18A95D2900F74CB6 /* LSApplication.m in Sources */,
				EED97FDE18B0CA0900CF68E3 /* LSMainController.m in Sources */,
				EE1AA5A61888F2ED004B6E7D /* LSAsyncBackendFacade.mm in Sources */,
				EED97FEA18B0DE3C00CF68E3 /* LSModelBase.m in Sources */,
				EEB11812187F17D500337023 /* LSAppDelegate.m in Sources */,
				EE6D79BB188EBAB8004A0D4B /* LSLocalCache.mm in Sources */,
				EED97FE718B0D4FA00CF68E3 /* LSShowsFollowingController.m in Sources */,
				EE8A964918EED7AE00C24E06 /* LSRegistryControllers.m in Sources */,
			);
			runOnlyForDeploymentPostprocessing = 0;
		};
		EEB1181B187F17D500337023 /* Sources */ = {
			isa = PBXSourcesBuildPhase;
			buildActionMask = 2147483647;
			files = (
				EEB1182D187F17D500337023 /* LostSeriesTests.m in Sources */,
			);
			runOnlyForDeploymentPostprocessing = 0;
		};
/* End PBXSourcesBuildPhase section */

/* Begin PBXTargetDependency section */
		EEB11825187F17D500337023 /* PBXTargetDependency */ = {
			isa = PBXTargetDependency;
			target = EEB117FD187F17D500337023 /* LostSeries */;
			targetProxy = EEB11824187F17D500337023 /* PBXContainerItemProxy */;
		};
/* End PBXTargetDependency section */

/* Begin PBXVariantGroup section */
		EEB1180A187F17D500337023 /* InfoPlist.strings */ = {
			isa = PBXVariantGroup;
			children = (
				EEB1180B187F17D500337023 /* en */,
			);
			name = InfoPlist.strings;
			sourceTree = "<group>";
		};
		EEB11813187F17D500337023 /* Main.storyboard */ = {
			isa = PBXVariantGroup;
			children = (
				EEB11814187F17D500337023 /* Base */,
			);
			name = Main.storyboard;
			sourceTree = "<group>";
		};
		EEB11829187F17D500337023 /* InfoPlist.strings */ = {
			isa = PBXVariantGroup;
			children = (
				EEB1182A187F17D500337023 /* en */,
			);
			name = InfoPlist.strings;
			sourceTree = "<group>";
		};
/* End PBXVariantGroup section */

/* Begin XCBuildConfiguration section */
		EEB1182E187F17D500337023 /* Debug */ = {
			isa = XCBuildConfiguration;
			buildSettings = {
				ALWAYS_SEARCH_USER_PATHS = NO;
				CLANG_CXX_LANGUAGE_STANDARD = "gnu++0x";
				CLANG_CXX_LIBRARY = "libc++";
				CLANG_ENABLE_MODULES = YES;
				CLANG_ENABLE_OBJC_ARC = YES;
				CLANG_WARN_BOOL_CONVERSION = YES;
				CLANG_WARN_CONSTANT_CONVERSION = YES;
				CLANG_WARN_DIRECT_OBJC_ISA_USAGE = YES_ERROR;
				CLANG_WARN_EMPTY_BODY = YES;
				CLANG_WARN_ENUM_CONVERSION = YES;
				CLANG_WARN_INT_CONVERSION = YES;
				CLANG_WARN_OBJC_ROOT_CLASS = YES_ERROR;
				CLANG_WARN__DUPLICATE_METHOD_MATCH = YES;
				"CODE_SIGN_IDENTITY[sdk=iphoneos*]" = "iPhone Developer";
				COPY_PHASE_STRIP = NO;
				GCC_C_LANGUAGE_STANDARD = gnu99;
				GCC_DYNAMIC_NO_PIC = NO;
				GCC_OPTIMIZATION_LEVEL = 0;
				GCC_PREPROCESSOR_DEFINITIONS = (
					"DEBUG=1",
					"$(inherited)",
				);
				GCC_SYMBOLS_PRIVATE_EXTERN = NO;
				GCC_WARN_64_TO_32_BIT_CONVERSION = YES;
				GCC_WARN_ABOUT_RETURN_TYPE = YES_ERROR;
				GCC_WARN_UNDECLARED_SELECTOR = YES;
				GCC_WARN_UNINITIALIZED_AUTOS = YES;
				GCC_WARN_UNUSED_FUNCTION = YES;
				GCC_WARN_UNUSED_VARIABLE = YES;
				IPHONEOS_DEPLOYMENT_TARGET = 7.0;
				ONLY_ACTIVE_ARCH = YES;
				SDKROOT = iphoneos;
			};
			name = Debug;
		};
		EEB1182F187F17D500337023 /* Release */ = {
			isa = XCBuildConfiguration;
			buildSettings = {
				ALWAYS_SEARCH_USER_PATHS = NO;
				CLANG_CXX_LANGUAGE_STANDARD = "gnu++0x";
				CLANG_CXX_LIBRARY = "libc++";
				CLANG_ENABLE_MODULES = YES;
				CLANG_ENABLE_OBJC_ARC = YES;
				CLANG_WARN_BOOL_CONVERSION = YES;
				CLANG_WARN_CONSTANT_CONVERSION = YES;
				CLANG_WARN_DIRECT_OBJC_ISA_USAGE = YES_ERROR;
				CLANG_WARN_EMPTY_BODY = YES;
				CLANG_WARN_ENUM_CONVERSION = YES;
				CLANG_WARN_INT_CONVERSION = YES;
				CLANG_WARN_OBJC_ROOT_CLASS = YES_ERROR;
				CLANG_WARN__DUPLICATE_METHOD_MATCH = YES;
				"CODE_SIGN_IDENTITY[sdk=iphoneos*]" = "iPhone Developer";
				COPY_PHASE_STRIP = YES;
				ENABLE_NS_ASSERTIONS = NO;
				GCC_C_LANGUAGE_STANDARD = gnu99;
				GCC_WARN_64_TO_32_BIT_CONVERSION = YES;
				GCC_WARN_ABOUT_RETURN_TYPE = YES_ERROR;
				GCC_WARN_UNDECLARED_SELECTOR = YES;
				GCC_WARN_UNINITIALIZED_AUTOS = YES;
				GCC_WARN_UNUSED_FUNCTION = YES;
				GCC_WARN_UNUSED_VARIABLE = YES;
				IPHONEOS_DEPLOYMENT_TARGET = 7.0;
				SDKROOT = iphoneos;
				VALIDATE_PRODUCT = YES;
			};
			name = Release;
		};
		EEB11831187F17D500337023 /* Debug */ = {
			isa = XCBuildConfiguration;
			buildSettings = {
				ASSETCATALOG_COMPILER_APPICON_NAME = AppIcon;
				ASSETCATALOG_COMPILER_LAUNCHIMAGE_NAME = LaunchImage;
				CODE_SIGN_ENTITLEMENTS = LostSeries/LostSeries.entitlements;
				GCC_PRECOMPILE_PREFIX_HEADER = YES;
				GCC_PREFIX_HEADER = "LostSeries/LostSeries-Prefix.pch";
				"GCC_WARN_64_TO_32_BIT_CONVERSION[arch=*64]" = YES;
				HEADER_SEARCH_PATHS = (
					"$(inherited)",
					/Applications/Xcode.app/Contents/Developer/Toolchains/XcodeDefault.xctoolchain/usr/include,
					"/Users/igreg/Documents/Sandbox/Home/Frameworks/zeromq-4.0.3/build/include",
					/Users/igreg/Documents/Sandbox/Home/Frameworks/cppzmq,
					"/Users/igreg/Documents/Sandbox/Home/Frameworks/protobuf-2.5.0/protobuf/include",
					"$(SRCROOT)/Protobuf.Generated",
					"$(SRCROOT)/LostSeries",
					"$(SRCROOT)/WorkflowLink",
					"$(SRCROOT)/UIComponents",
				);
				INFOPLIST_FILE = "LostSeries/LostSeries-Info.plist";
				LIBRARY_SEARCH_PATHS = (
					"$(inherited)",
					"/Users/igreg/Documents/Sandbox/Home/Frameworks/zeromq-4.0.3/build/lib",
					"/Users/igreg/Documents/Sandbox/Home/Frameworks/protobuf-2.5.0/protobuf/lib",
				);
				OTHER_LDFLAGS = "-lstdc++";
				PRODUCT_NAME = "$(TARGET_NAME)";
				WARNING_CFLAGS = "";
				WRAPPER_EXTENSION = app;
			};
			name = Debug;
		};
		EEB11832187F17D500337023 /* Release */ = {
			isa = XCBuildConfiguration;
			buildSettings = {
				ASSETCATALOG_COMPILER_APPICON_NAME = AppIcon;
				ASSETCATALOG_COMPILER_LAUNCHIMAGE_NAME = LaunchImage;
				CODE_SIGN_ENTITLEMENTS = LostSeries/LostSeries.entitlements;
				GCC_PRECOMPILE_PREFIX_HEADER = YES;
				GCC_PREFIX_HEADER = "LostSeries/LostSeries-Prefix.pch";
				HEADER_SEARCH_PATHS = (
					"$(inherited)",
					/Applications/Xcode.app/Contents/Developer/Toolchains/XcodeDefault.xctoolchain/usr/include,
					"/Users/igreg/Documents/Sandbox/Home/Frameworks/zeromq-4.0.3/build/include",
					/Users/igreg/Documents/Sandbox/Home/Frameworks/cppzmq,
					"/Users/igreg/Documents/Sandbox/Home/Frameworks/protobuf-2.5.0/protobuf/include",
					"$(SRCROOT)/Protobuf.Generated",
					"$(SRCROOT)/LostSeries",
					"$(SRCROOT)/WorkflowLink",
					"$(SRCROOT)/UIComponents",
				);
				INFOPLIST_FILE = "LostSeries/LostSeries-Info.plist";
				LIBRARY_SEARCH_PATHS = (
					"$(inherited)",
					"/Users/igreg/Documents/Sandbox/Home/Frameworks/zeromq-4.0.3/build/lib",
					"/Users/igreg/Documents/Sandbox/Home/Frameworks/protobuf-2.5.0/protobuf/lib",
				);
				OTHER_LDFLAGS = "-lstdc++";
				PRODUCT_NAME = "$(TARGET_NAME)";
				WARNING_CFLAGS = "";
				WRAPPER_EXTENSION = app;
			};
			name = Release;
		};
		EEB11834187F17D500337023 /* Debug */ = {
			isa = XCBuildConfiguration;
			buildSettings = {
				BUNDLE_LOADER = "$(BUILT_PRODUCTS_DIR)/LostSeries.app/LostSeries";
				FRAMEWORK_SEARCH_PATHS = (
					"$(SDKROOT)/Developer/Library/Frameworks",
					"$(inherited)",
					"$(DEVELOPER_FRAMEWORKS_DIR)",
				);
				GCC_PRECOMPILE_PREFIX_HEADER = YES;
				GCC_PREFIX_HEADER = "LostSeries/LostSeries-Prefix.pch";
				GCC_PREPROCESSOR_DEFINITIONS = (
					"DEBUG=1",
					"$(inherited)",
				);
				INFOPLIST_FILE = "LostSeriesTests/LostSeriesTests-Info.plist";
				PRODUCT_NAME = "$(TARGET_NAME)";
				TEST_HOST = "$(BUNDLE_LOADER)";
				WRAPPER_EXTENSION = xctest;
			};
			name = Debug;
		};
		EEB11835187F17D500337023 /* Release */ = {
			isa = XCBuildConfiguration;
			buildSettings = {
				BUNDLE_LOADER = "$(BUILT_PRODUCTS_DIR)/LostSeries.app/LostSeries";
				FRAMEWORK_SEARCH_PATHS = (
					"$(SDKROOT)/Developer/Library/Frameworks",
					"$(inherited)",
					"$(DEVELOPER_FRAMEWORKS_DIR)",
				);
				GCC_PRECOMPILE_PREFIX_HEADER = YES;
				GCC_PREFIX_HEADER = "LostSeries/LostSeries-Prefix.pch";
				INFOPLIST_FILE = "LostSeriesTests/LostSeriesTests-Info.plist";
				PRODUCT_NAME = "$(TARGET_NAME)";
				TEST_HOST = "$(BUNDLE_LOADER)";
				WRAPPER_EXTENSION = xctest;
			};
			name = Release;
		};
/* End XCBuildConfiguration section */

/* Begin XCConfigurationList section */
		EEB117F9187F17D500337023 /* Build configuration list for PBXProject "LostSeries" */ = {
			isa = XCConfigurationList;
			buildConfigurations = (
				EEB1182E187F17D500337023 /* Debug */,
				EEB1182F187F17D500337023 /* Release */,
			);
			defaultConfigurationIsVisible = 0;
			defaultConfigurationName = Release;
		};
		EEB11830187F17D500337023 /* Build configuration list for PBXNativeTarget "LostSeries" */ = {
			isa = XCConfigurationList;
			buildConfigurations = (
				EEB11831187F17D500337023 /* Debug */,
				EEB11832187F17D500337023 /* Release */,
			);
			defaultConfigurationIsVisible = 0;
			defaultConfigurationName = Release;
		};
		EEB11833187F17D500337023 /* Build configuration list for PBXNativeTarget "LostSeriesTests" */ = {
			isa = XCConfigurationList;
			buildConfigurations = (
				EEB11834187F17D500337023 /* Debug */,
				EEB11835187F17D500337023 /* Release */,
			);
			defaultConfigurationIsVisible = 0;
			defaultConfigurationName = Release;
		};
/* End XCConfigurationList section */
	};
	rootObject = EEB117F6187F17D500337023 /* Project object */;
}
